
Microsoft Visual Studio Solution File, Format Version 12.00
# Visual Studio Version 17
VisualStudioVersion = 17.14.37216.2
MinimumVisualStudioVersion = 10.0.40219.1
Project("{FAE04EC0-301F-11D3-BF4B-00C04F79EFBC}") = "Prueba_web", "Prueba_web.csproj", "{D60005BB-4F26-46B5-91EB-6F6E7CC90FA1}"
EndProject
Project("{FAE04EC0-301F-11D3-BF4B-00C04F79EFBC}") = "Backend", "..\Backend\Backend.csproj", "{2D20E65A-5EA6-480C-99F9-0374E80371AB}"
EndProject
Project("{FAE04EC0-301F-11D3-BF4B-00C04F79EFBC}") = "Prueba1", "..\Prueba1\Prueba1.csproj", "{192966CD-4A61-4830-AFB3-EFA80C1ED852}"
EndProject
Global
	GlobalSection(SolutionConfigurationPlatforms) = preSolution
		Debug|Any CPU = Debug|Any CPU
		Release|Any CPU = Release|Any CPU
	EndGlobalSection
	GlobalSection(ProjectConfigurationPlatforms) = postSolution
		{D60005BB-4F26-46B5-91EB-6F6E7CC90FA1}.Debug|Any CPU.ActiveCfg = Debug|Any CPU
		{D60005BB-4F26-46B5-91EB-6F6E7CC90FA1}.Debug|Any CPU.Build.0 = Debug|Any CPU
		{D60005BB-4F26-46B5-91EB-6F6E7CC90FA1}.Release|Any CPU.ActiveCfg = Release|Any CPU
		{D60005BB-4F26-46B5-91EB-6F6E7CC90FA1}.Release|Any CPU.Build.0 = Release|Any CPU
		{2D20E65A-5EA6-480C-99F9-0374E80371AB}.Debug|Any CPU.ActiveCfg = Debug|Any CPU
		{2D20E65A-5EA6-480C-99F9-0374E80371AB}.Debug|Any CPU.Build.0 = Debug|Any CPU
		{2D20E65A-5EA6-480C-99F9-0374E80371AB}.Release|Any CPU.ActiveCfg = Release|Any CPU
		{2D20E65A-5EA6-480C-99F9-0374E80371AB}.Release|Any CPU.Build.0 = Release|Any CPU
		{192966CD-4A61-4830-AFB3-EFA80C1ED852}.Debug|Any CPU.ActiveCfg = Debug|Any CPU
		{192966CD-4A61-4830-AFB3-EFA80C1ED852}.Debug|Any CPU.Build.0 = Debug|Any CPU
		{192966CD-4A61-4830-AFB3-EFA80C1ED852}.Release|Any CPU.ActiveCfg = Release|Any CPU
		{192966CD-4A61-4830-AFB3-EFA80C1ED852}.Release|Any CPU.Build.0 = Release|Any CPU
	EndGlobalSection
	GlobalSection(SolutionProperties) = preSolution
		HideSolutionNode = FALSE
	EndGlobalSection
	GlobalSection(ExtensibilityGlobals) = postSolution
		SolutionGuid = {25ADE62D-E7C3-494B-9CEA-186230EE7D0C}
	EndGlobalSection
EndGlobal
